{
  "object": {
    "pins": [
      {
        "package": "SwiftSplines",
        "repositoryURL": "https://github.com/Bersaelor/SwiftSplines.git",
        "state": {
          "branch": null,
          "revision": "2288e9fbf3245f1b89b69c23bebd30461aa0f40c",
          "version": "0.3.0"
        }
      }
    ]
  },
  "version": 1
}
